PODS:
  - FlutterMacOS (1.0.0)
  - rust_lib_dayseven (0.0.1):
    - FlutterMacOS

DEPENDENCIES:
  - FlutterMacOS (from `Flutter/ephemeral`)
  - rust_lib_dayseven (from `Flutter/ephemeral/.symlinks/plugins/rust_lib_dayseven/macos`)

EXTERNAL SOURCES:
  FlutterMacOS:
    :path: Flutter/ephemeral
  rust_lib_dayseven:
    :path: Flutter/ephemeral/.symlinks/plugins/rust_lib_dayseven/macos

SPEC CHECKSUMS:
  FlutterMacOS: c232990155153907050900a2e175c7773903ba4e
  rust_lib_dayseven: 4bc379a7d61783c2beef10e8f207e6b258e1b13a

PODFILE CHECKSUM: 1e95c36afbfd1cb6423ceca4de7a8e1b256fb6ac

COCOAPODS: 1.17.0
